{
  "version": "5",
  "specifiers": {
    "jsr:@david/console-static-text@0.3": "0.3.4",
    "jsr:@david/dax@0.45.0": "0.45.0",
    "jsr:@david/gagen@0.5": "0.5.1",
    "jsr:@david/path@0.2": "0.2.0",
    "jsr:@david/which@~0.4.1": "0.4.2",
    "jsr:@dprint/automation@0.12.2": "0.12.2",
    "jsr:@std/bytes@^1.0.6": "1.0.6",
    "jsr:@std/fmt@1": "1.0.10",
    "jsr:@std/fs@1": "1.0.24",
    "jsr:@std/internal@^1.0.14": "1.0.14",
    "jsr:@std/io@0.225": "0.225.3",
    "jsr:@std/path@1": "1.1.6",
    "jsr:@std/path@^1.1.5": "1.1.6",
    "jsr:@std/semver@1": "1.0.8",
    "jsr:@std/yaml@^1.0.11": "1.1.2"
  },
  "jsr": {
    "@david/console-static-text@0.3.4": {
      "integrity": "1c596f500b075ff3c8bab1d328ca7148a88067fd9a506b16a73eeaf230c229fd"
    },
    "@david/dax@0.45.0": {
      "integrity": "ac7565dc5c3e5be953a18b505e5dd0d8a30ed53656b65fd34a53bd8d2d5d6b1e",
      "dependencies": [
        "jsr:@david/console-static-text",
        "jsr:@david/path",
        "jsr:@david/which",
        "jsr:@std/fmt",
        "jsr:@std/fs",
        "jsr:@std/io",
        "jsr:@std/path@1"
      ]
    },
    "@david/gagen@0.5.1": {
      "integrity": "e0f069243e57eac9fb319b40c0061635e50e498f0126aa0d2509cb5209745033",
      "dependencies": [
        "jsr:@std/yaml"
      ]
    },
    "@david/path@0.2.0": {
      "integrity": "f2d7aa7f02ce5a55e27c09f9f1381794acb09d328f8d3c8a2e3ab3ffc294dccd",
      "dependencies": [
        "jsr:@std/fs",
        "jsr:@std/path@1"
      ]
    },
    "@david/which@0.4.2": {
      "integrity": "440ee262bc0673b57a39ad4d0dc5673e515ddd41c049a55b2588a0881e5d4a8c"
    },
    "@dprint/automation@0.12.2": {
      "integrity": "4065b01c0f5acadd9eed62eeadb58a8cde088c188f01f9bed32d48e3d0576881",
      "dependencies": [
        "jsr:@david/dax",
        "jsr:@std/semver"
      ]
    },
    "@std/bytes@1.0.6": {
      "integrity": "f6ac6adbd8ccd99314045f5703e23af0a68d7f7e58364b47d2c7f408aeb5820a"
    },
    "@std/fmt@1.0.10": {
      "integrity": "90dfba288802ac6de82fb31d0917eb9e4450b9925b954d5e51fc29ac07419db5"
    },
    "@std/fs@1.0.24": {
      "integrity": "f3061b45b81673a2bece689da041df32d174be064c89eb6397fb5718d3fb7877",
      "dependencies": [
        "jsr:@std/internal",
        "jsr:@std/path@^1.1.5"
      ]
    },
    "@std/internal@1.0.14": {
      "integrity": "291516b3d4c35024d6ffbc0a9df5bf4c64116e05b50012cf846710152d2ffdf7"
    },
    "@std/io@0.225.3": {
      "integrity": "27b07b591384d12d7b568f39e61dff966b8230559122df1e9fd11cc068f7ddd1",
      "dependencies": [
        "jsr:@std/bytes"
      ]
    },
    "@std/path@1.1.6": {
      "integrity": "c68485c2a4dfbb5ae3cc74fae4e8c4e5d874cf8a8ed12927917235c758b46cbe",
      "dependencies": [
        "jsr:@std/internal"
      ]
    },
    "@std/semver@1.0.8": {
      "integrity": "dc830e8b8b6a380c895d53fbfd1258dc253704ca57bbe1629ac65fd7830179b7"
    },
    "@std/yaml@1.1.2": {
      "integrity": "de612653c036749ba2044165e316f52412b0f0698afffb7ee80b5331d6d2abae"
    }
  },
  "workspace": {
    "dependencies": [
      "jsr:@dprint/automation@0.12.2"
    ]
  }
}
